
Microsoft Visual Studio Solution File, Format Version 12.00
Project("{FAE04EC0-301F-11D3-BF4B-00C04F79EFBC}") = "PrinterManagerServer", "PrinterManagerServer.csproj", "{17A0052C-8DF8-4129-B50F-EB763624DDF2}"
EndProject
Global
	GlobalSection(SolutionConfigurationPlatforms) = preSolution
		Debug|Any CPU = Debug|Any CPU
		Release|Any CPU = Release|Any CPU
	EndGlobalSection
	GlobalSection(ProjectConfigurationPlatforms) = postSolution
		{17A0052C-8DF8-4129-B50F-EB763624DDF2}.Debug|Any CPU.ActiveCfg = Debug|Any CPU
		{17A0052C-8DF8-4129-B50F-EB763624DDF2}.Debug|Any CPU.Build.0 = Debug|Any CPU
		{17A0052C-8DF8-4129-B50F-EB763624DDF2}.Release|Any CPU.ActiveCfg = Release|Any CPU
		{17A0052C-8DF8-4129-B50F-EB763624DDF2}.Release|Any CPU.Build.0 = Release|Any CPU
	EndGlobalSection
EndGlobal
